
Microsoft Visual Studio Solution File, Format Version 12.00
# Visual Studio Version 17
VisualStudioVersion = 17.11.35222.181
MinimumVisualStudioVersion = 10.0.40219.1
Project("{FAE04EC0-301F-11D3-BF4B-00C04F79EFBC}") = "Ejercicio1", "Ejercicio1\Ejercicio1.csproj", "{4C9E5F43-EE89-4D26-B58B-7CB65A224FA7}"
EndProject
Global
	GlobalSection(SolutionConfigurationPlatforms) = preSolution
		Debug|Any CPU = Debug|Any CPU
		Release|Any CPU = Release|Any CPU
	EndGlobalSection
	GlobalSection(ProjectConfigurationPlatforms) = postSolution
		{4C9E5F43-EE89-4D26-B58B-7CB65A224FA7}.Debug|Any CPU.ActiveCfg = Debug|Any CPU
		{4C9E5F43-EE89-4D26-B58B-7CB65A224FA7}.Debug|Any CPU.Build.0 = Debug|Any CPU
		{4C9E5F43-EE89-4D26-B58B-7CB65A224FA7}.Release|Any CPU.ActiveCfg = Release|Any CPU
		{4C9E5F43-EE89-4D26-B58B-7CB65A224FA7}.Release|Any CPU.Build.0 = Release|Any CPU
	EndGlobalSection
	GlobalSection(SolutionProperties) = preSolution
		HideSolutionNode = FALSE
	EndGlobalSection
	GlobalSection(ExtensibilityGlobals) = postSolution
		SolutionGuid = {6C84C1F4-244C-4B91-9429-5BD5A17072E8}
	EndGlobalSection
EndGlobal
